
Microsoft Visual Studio Solution File, Format Version 12.00
# Visual Studio Version 16
VisualStudioVersion = 16.0.31613.86
MinimumVisualStudioVersion = 10.0.40219.1
Project("{FAE04EC0-301F-11D3-BF4B-00C04F79EFBC}") = "webappdemo2", "webappdemo2\webappdemo2.csproj", "{DECCDDD2-38FE-45C2-BB1A-2A622F9A21DA}"
EndProject
Global
	GlobalSection(SolutionConfigurationPlatforms) = preSolution
		Debug|Any CPU = Debug|Any CPU
		Release|Any CPU = Release|Any CPU
	EndGlobalSection
	GlobalSection(ProjectConfigurationPlatforms) = postSolution
		{DECCDDD2-38FE-45C2-BB1A-2A622F9A21DA}.Debug|Any CPU.ActiveCfg = Debug|Any CPU
		{DECCDDD2-38FE-45C2-BB1A-2A622F9A21DA}.Debug|Any CPU.Build.0 = Debug|Any CPU
		{DECCDDD2-38FE-45C2-BB1A-2A622F9A21DA}.Release|Any CPU.ActiveCfg = Release|Any CPU
		{DECCDDD2-38FE-45C2-BB1A-2A622F9A21DA}.Release|Any CPU.Build.0 = Release|Any CPU
	EndGlobalSection
	GlobalSection(SolutionProperties) = preSolution
		HideSolutionNode = FALSE
	EndGlobalSection
	GlobalSection(ExtensibilityGlobals) = postSolution
		SolutionGuid = {954E76FA-C6B3-4CF2-86AF-179FA468CC7D}
	EndGlobalSection
EndGlobal
